
Microsoft Visual Studio Solution File, Format Version 12.00
# Visual Studio Version 16
VisualStudioVersion = 16.0.31911.196
MinimumVisualStudioVersion = 10.0.40219.1
Project("{FAE04EC0-301F-11D3-BF4B-00C04F79EFBC}") = "RestSharpClientWinForms", "RestSharpClientWinForms\RestSharpClientWinForms.csproj", "{F06FD3F0-995D-4B5B-B35D-6B4D2767C7F3}"
EndProject
Global
	GlobalSection(SolutionConfigurationPlatforms) = preSolution
		Debug|Any CPU = Debug|Any CPU
		Release|Any CPU = Release|Any CPU
	EndGlobalSection
	GlobalSection(ProjectConfigurationPlatforms) = postSolution
		{F06FD3F0-995D-4B5B-B35D-6B4D2767C7F3}.Debug|Any CPU.ActiveCfg = Debug|Any CPU
		{F06FD3F0-995D-4B5B-B35D-6B4D2767C7F3}.Debug|Any CPU.Build.0 = Debug|Any CPU
		{F06FD3F0-995D-4B5B-B35D-6B4D2767C7F3}.Release|Any CPU.ActiveCfg = Release|Any CPU
		{F06FD3F0-995D-4B5B-B35D-6B4D2767C7F3}.Release|Any CPU.Build.0 = Release|Any CPU
	EndGlobalSection
	GlobalSection(SolutionProperties) = preSolution
		HideSolutionNode = FALSE
	EndGlobalSection
	GlobalSection(ExtensibilityGlobals) = postSolution
		SolutionGuid = {266D3650-769D-4FF0-A10F-906C221AC0E3}
	EndGlobalSection
EndGlobal
